
Microsoft Visual Studio Solution File, Format Version 12.00
# Visual Studio Version 16
VisualStudioVersion = 16.0.31515.178
MinimumVisualStudioVersion = 10.0.40219.1
Project("{888888A0-9F3D-457C-B088-3A5042F75D52}") = "New Course Project", "New Course Project.pyproj", "{BA61D2FD-63A7-4273-963E-347FB331F346}"
EndProject
Global
	GlobalSection(SolutionConfigurationPlatforms) = preSolution
		Debug|Any CPU = Debug|Any CPU
		Release|Any CPU = Release|Any CPU
	EndGlobalSection
	GlobalSection(ProjectConfigurationPlatforms) = postSolution
		{BA61D2FD-63A7-4273-963E-347FB331F346}.Debug|Any CPU.ActiveCfg = Debug|Any CPU
		{BA61D2FD-63A7-4273-963E-347FB331F346}.Release|Any CPU.ActiveCfg = Release|Any CPU
	EndGlobalSection
	GlobalSection(SolutionProperties) = preSolution
		HideSolutionNode = FALSE
	EndGlobalSection
	GlobalSection(ExtensibilityGlobals) = postSolution
		SolutionGuid = {774032BA-07EF-461E-AD2A-51B109CD47A9}
	EndGlobalSection
EndGlobal
